{
  "requires": true,
  "lockfileVersion": 1,
  "dependencies": {
    "reactjs-popup": {
      "version": "2.0.6",
      "resolved": "https://registry.npmjs.org/reactjs-popup/-/reactjs-popup-2.0.6.tgz",
      "integrity": "sha512-A+tt+x9wdgZiZjv0e2WzYLD3IfFwJALaRaqwrCSXGjo0iQdsry/EtBEbQXRSmQs7cHmOi5eytCiSlOm8k4C+dg=="
    }
  }
}
